// !$*UTF8*$!
{
	archiveVersion = 1;
	classes = {
	};
	objectVersion = 50;
	objects = {

/* Begin PBXBuildFile section */
		665109D32155F252000687AC /* AppDelegate.swift in Sources */ = {isa = PBXBuildFile; fileRef = 665109D22155F252000687AC /* AppDelegate.swift */; };
		665109D52155F252000687AC /* ViewController.swift in Sources */ = {isa = PBXBuildFile; fileRef = 665109D42155F252000687AC /* ViewController.swift */; };
		665109D82155F252000687AC /* Main.storyboard in Resources */ = {isa = PBXBuildFile; fileRef = 665109D62155F252000687AC /* Main.storyboard */; };
		665109DA2155F253000687AC /* Assets.xcassets in Resources */ = {isa = PBXBuildFile; fileRef = 665109D92155F253000687AC /* Assets.xcassets */; };
		665109DD2155F253000687AC /* LaunchScreen.storyboard in Resources */ = {isa = PBXBuildFile; fileRef = 665109DB2155F253000687AC /* LaunchScreen.storyboard */; };
		665109E82155F253000687AC /* TSLoanTests.swift in Sources */ = {isa = PBXBuildFile; fileRef = 665109E72155F253000687AC /* TSLoanTests.swift */; };
		665109F32155F253000687AC /* TSLoanUITests.swift in Sources */ = {isa = PBXBuildFile; fileRef = 665109F22155F253000687AC /* TSLoanUITests.swift */; };
/* End PBXBuildFile section */

/* Begin PBXContainerItemProxy section */
		665109E42155F253000687AC /* PBXContainerItemProxy */ = {
			isa = PBXContainerItemProxy;
			containerPortal = 665109C72155F252000687AC /* Project object */;
			proxyType = 1;
			remoteGlobalIDString = 665109CE2155F252000687AC;
			remoteInfo = TSLoan;
		};
		665109EF2155F253000687AC /* PBXContainerItemProxy */ = {
			isa = PBXContainerItemProxy;
			containerPortal = 665109C72155F252000687AC /* Project object */;
			proxyType = 1;
			remoteGlobalIDString = 665109CE2155F252000687AC;
			remoteInfo = TSLoan;
		};
/* End PBXContainerItemProxy section */

/* Begin PBXFileReference section */
		665109CF2155F252000687AC /* TSLoan.app */ = {isa = PBXFileReference; explicitFileType = wrapper.application; includeInIndex = 0; path = TSLoan.app; sourceTree = BUILT_PRODUCTS_DIR; };
		665109D22155F252000687AC /* AppDelegate.swift */ = {isa = PBXFileReference; lastKnownFileType = sourcecode.swift; path = AppDelegate.swift; sourceTree = "<group>"; };
		665109D42155F252000687AC /* ViewController.swift */ = {isa = PBXFileReference; lastKnownFileType = sourcecode.swift; path = ViewController.swift; sourceTree = "<group>"; };
		665109D72155F252000687AC /* Base */ = {isa = PBXFileReference; lastKnownFileType = file.storyboard; name = Base; path = Base.lproj/Main.storyboard; sourceTree = "<group>"; };
		665109D92155F253000687AC /* Assets.xcassets */ = {isa = PBXFileReference; lastKnownFileType = folder.assetcatalog; path = Assets.xcassets; sourceTree = "<group>"; };
		665109DC2155F253000687AC /* Base */ = {isa = PBXFileReference; lastKnownFileType = file.storyboard; name = Base; path = Base.lproj/LaunchScreen.storyboard; sourceTree = "<group>"; };
		665109DE2155F253000687AC /* Info.plist */ = {isa = PBXFileReference; lastKnownFileType = text.plist.xml; path = Info.plist; sourceTree = "<group>"; };
		665109E32155F253000687AC /* TSLoanTests.xctest */ = {isa = PBXFileReference; explicitFileType = wrapper.cfbundle; includeInIndex = 0; path = TSLoanTests.xctest; sourceTree = BUILT_PRODUCTS_DIR; };
		665109E72155F253000687AC /* TSLoanTests.swift */ = {isa = PBXFileReference; lastKnownFileType = sourcecode.swift; path = TSLoanTests.swift; sourceTree = "<group>"; };
		665109E92155F253000687AC /* Info.plist */ = {isa = PBXFileReference; lastKnownFileType = text.plist.xml; path = Info.plist; sourceTree = "<group>"; };
		665109EE2155F253000687AC /* TSLoanUITests.xctest */ = {isa = PBXFileReference; explicitFileType = wrapper.cfbundle; includeInIndex = 0; path = TSLoanUITests.xctest; sourceTree = BUILT_PRODUCTS_DIR; };
		665109F22155F253000687AC /* TSLoanUITests.swift */ = {isa = PBXFileReference; lastKnownFileType = sourcecode.swift; path = TSLoanUITests.swift; sourceTree = "<group>"; };
		665109F42155F253000687AC /* Info.plist */ = {isa = PBXFileReference; lastKnownFileType = text.plist.xml; path = Info.plist; sourceTree = "<group>"; };
/* End PBXFileReference section */

/* Begin PBXFrameworksBuildPhase section */
		665109CC2155F252000687AC /* Frameworks */ = {
			isa = PBXFrameworksBuildPhase;
			buildActionMask = 2147483647;
			files = (
			);
			runOnlyForDeploymentPostprocessing = 0;
		};
		665109E02155F253000687AC /* Frameworks */ = {
			isa = PBXFrameworksBuildPhase;
			buildActionMask = 2147483647;
			files = (
			);
			runOnlyForDeploymentPostprocessing = 0;
		};
		665109EB2155F253000687AC /* Frameworks */ = {
			isa = PBXFrameworksBuildPhase;
			buildActionMask = 2147483647;
			files = (
			);
			runOnlyForDeploymentPostprocessing = 0;
		};
/* End PBXFrameworksBuildPhase section */

/* Begin PBXGroup section */
		665109C62155F252000687AC = {
			isa = PBXGroup;
			children = (
				665109D12155F252000687AC /* TSLoan */,
				665109E62155F253000687AC /* TSLoanTests */,
				665109F12155F253000687AC /* TSLoanUITests */,
				665109D02155F252000687AC /* Products */,
			);
			sourceTree = "<group>";
		};
		665109D02155F252000687AC /* Products */ = {
			isa = PBXGroup;
			children = (
				665109CF2155F252000687AC /* TSLoan.app */,
				665109E32155F253000687AC /* TSLoanTests.xctest */,
				665109EE2155F253000687AC /* TSLoanUITests.xctest */,
			);
			name = Products;
			sourceTree = "<group>";
		};
		665109D12155F252000687AC /* TSLoan */ = {
			isa = PBXGroup;
			children = (
				665109D22155F252000687AC /* AppDelegate.swift */,
				665109D42155F252000687AC /* ViewController.swift */,
				665109D62155F252000687AC /* Main.storyboard */,
				665109D92155F253000687AC /* Assets.xcassets */,
				665109DB2155F253000687AC /* LaunchScreen.storyboard */,
				665109DE2155F253000687AC /* Info.plist */,
			);
			path = TSLoan;
			sourceTree = "<group>";
		};
		665109E62155F253000687AC /* TSLoanTests */ = {
			isa = PBXGroup;
			children = (
				665109E72155F253000687AC /* TSLoanTests.swift */,
				665109E92155F253000687AC /* Info.plist */,
			);
			path = TSLoanTests;
			sourceTree = "<group>";
		};
		665109F12155F253000687AC /* TSLoanUITests */ = {
			isa = PBXGroup;
			children = (
				665109F22155F253000687AC /* TSLoanUITests.swift */,
				665109F42155F253000687AC /* Info.plist */,
			);
			path = TSLoanUITests;
			sourceTree = "<group>";
		};
/* End PBXGroup section */

/* Begin PBXNativeTarget section */
		665109CE2155F252000687AC /* TSLoan */ = {
			isa = PBXNativeTarget;
			buildConfigurationList = 665109F72155F253000687AC /* Build configuration list for PBXNativeTarget "TSLoan" */;
			buildPhases = (
				665109CB2155F252000687AC /* Sources */,
				665109CC2155F252000687AC /* Frameworks */,
				665109CD2155F252000687AC /* Resources */,
			);
			buildRules = (
			);
			dependencies = (
			);
			name = TSLoan;
			productName = TSLoan;
			productReference = 665109CF2155F252000687AC /* TSLoan.app */;
			productType = "com.apple.product-type.application";
		};
		665109E22155F253000687AC /* TSLoanTests */ = {
			isa = PBXNativeTarget;
			buildConfigurationList = 665109FA2155F253000687AC /* Build configuration list for PBXNativeTarget "TSLoanTests" */;
			buildPhases = (
				665109DF2155F253000687AC /* Sources */,
				665109E02155F253000687AC /* Frameworks */,
				665109E12155F253000687AC /* Resources */,
			);
			buildRules = (
			);
			dependencies = (
				665109E52155F253000687AC /* PBXTargetDependency */,
			);
			name = TSLoanTests;
			productName = TSLoanTests;
			productReference = 665109E32155F253000687AC /* TSLoanTests.xctest */;
			productType = "com.apple.product-type.bundle.unit-test";
		};
		665109ED2155F253000687AC /* TSLoanUITests */ = {
			isa = PBXNativeTarget;
			buildConfigurationList = 665109FD2155F253000687AC /* Build configuration list for PBXNativeTarget "TSLoanUITests" */;
			buildPhases = (
				665109EA2155F253000687AC /* Sources */,
				665109EB2155F253000687AC /* Frameworks */,
				665109EC2155F253000687AC /* Resources */,
			);
			buildRules = (
			);
			dependencies = (
				665109F02155F253000687AC /* PBXTargetDependency */,
			);
			name = TSLoanUITests;
			productName = TSLoanUITests;
			productReference = 665109EE2155F253000687AC /* TSLoanUITests.xctest */;
			productType = "com.apple.product-type.bundle.ui-testing";
		};
/* End PBXNativeTarget section */

/* Begin PBXProject section */
		665109C72155F252000687AC /* Project object */ = {
			isa = PBXProject;
			attributes = {
				LastSwiftUpdateCheck = 1000;
				LastUpgradeCheck = 1000;
				ORGANIZATIONNAME = Phat;
				TargetAttributes = {
					665109CE2155F252000687AC = {
						CreatedOnToolsVersion = 10.0;
					};
					665109E22155F253000687AC = {
						CreatedOnToolsVersion = 10.0;
						TestTargetID = 665109CE2155F252000687AC;
					};
					665109ED2155F253000687AC = {
						CreatedOnToolsVersion = 10.0;
						TestTargetID = 665109CE2155F252000687AC;
					};
				};
			};
			buildConfigurationList = 665109CA2155F252000687AC /* Build configuration list for PBXProject "TSLoan" */;
			compatibilityVersion = "Xcode 9.3";
			developmentRegion = en;
			hasScannedForEncodings = 0;
			knownRegions = (
				en,
				Base,
			);
			mainGroup = 665109C62155F252000687AC;
			productRefGroup = 665109D02155F252000687AC /* Products */;
			projectDirPath = "";
			projectRoot = "";
			targets = (
				665109CE2155F252000687AC /* TSLoan */,
				665109E22155F253000687AC /* TSLoanTests */,
				665109ED2155F253000687AC /* TSLoanUITests */,
			);
		};
/* End PBXProject section */

/* Begin PBXResourcesBuildPhase section */
		665109CD2155F252000687AC /* Resources */ = {
			isa = PBXResourcesBuildPhase;
			buildActionMask = 2147483647;
			files = (
				665109DD2155F253000687AC /* LaunchScreen.storyboard in Resources */,
				665109DA2155F253000687AC /* Assets.xcassets in Resources */,
				665109D82155F252000687AC /* Main.storyboard in Resources */,
			);
			runOnlyForDeploymentPostprocessing = 0;
		};
		665109E12155F253000687AC /* Resources */ = {
			isa = PBXResourcesBuildPhase;
			buildActionMask = 2147483647;
			files = (
			);
			runOnlyForDeploymentPostprocessing = 0;
		};
		665109EC2155F253000687AC /* Resources */ = {
			isa = PBXResourcesBuildPhase;
			buildActionMask = 2147483647;
			files = (
			);
			runOnlyForDeploymentPostprocessing = 0;
		};
/* End PBXResourcesBuildPhase section */

/* Begin PBXSourcesBuildPhase section */
		665109CB2155F252000687AC /* Sources */ = {
			isa = PBXSourcesBuildPhase;
			buildActionMask = 2147483647;
			files = (
				665109D52155F252000687AC /* ViewController.swift in Sources */,
				665109D32155F252000687AC /* AppDelegate.swift in Sources */,
			);
			runOnlyForDeploymentPostprocessing = 0;
		};
		665109DF2155F253000687AC /* Sources */ = {
			isa = PBXSourcesBuildPhase;
			buildActionMask = 2147483647;
			files = (
				665109E82155F253000687AC /* TSLoanTests.swift in Sources */,
			);
			runOnlyForDeploymentPostprocessing = 0;
		};
		665109EA2155F253000687AC /* Sources */ = {
			isa = PBXSourcesBuildPhase;
			buildActionMask = 2147483647;
			files = (
				665109F32155F253000687AC /* TSLoanUITests.swift in Sources */,
			);
			runOnlyForDeploymentPostprocessing = 0;
		};
/* End PBXSourcesBuildPhase section */

/* Begin PBXTargetDependency section */
		665109E52155F253000687AC /* PBXTargetDependency */ = {
			isa = PBXTargetDependency;
			target = 665109CE2155F252000687AC /* TSLoan */;
			targetProxy = 665109E42155F253000687AC /* PBXContainerItemProxy */;
		};
		665109F02155F253000687AC /* PBXTargetDependency */ = {
			isa = PBXTargetDependency;
			target = 665109CE2155F252000687AC /* TSLoan */;
			targetProxy = 665109EF2155F253000687AC /* PBXContainerItemProxy */;
		};
/* End PBXTargetDependency section */

/* Begin PBXVariantGroup section */
		665109D62155F252000687AC /* Main.storyboard */ = {
			isa = PBXVariantGroup;
			children = (
				665109D72155F252000687AC /* Base */,
			);
			name = Main.storyboard;
			sourceTree = "<group>";
		};
		665109DB2155F253000687AC /* LaunchScreen.storyboard */ = {
			isa = PBXVariantGroup;
			children = (
				665109DC2155F253000687AC /* Base */,
			);
			name = LaunchScreen.storyboard;
			sourceTree = "<group>";
		};
/* End PBXVariantGroup section */

/* Begin XCBuildConfiguration section */
		665109F52155F253000687AC /* Debug */ = {
			isa = XCBuildConfiguration;
			buildSettings = {
				ALWAYS_SEARCH_USER_PATHS = NO;
				CLANG_ANALYZER_NONNULL = YES;
				CLANG_ANALYZER_NUMBER_OBJECT_CONVERSION = YES_AGGRESSIVE;
				CLANG_CXX_LANGUAGE_STANDARD = "gnu++14";
				CLANG_CXX_LIBRARY = "libc++";
				CLANG_ENABLE_MODULES = YES;
				CLANG_ENABLE_OBJC_ARC = YES;
				CLANG_ENABLE_OBJC_WEAK = YES;
				CLANG_WARN_BLOCK_CAPTURE_AUTORELEASING = YES;
				CLANG_WARN_BOOL_CONVERSION = YES;
				CLANG_WARN_COMMA = YES;
				CLANG_WARN_CONSTANT_CONVERSION = YES;
				CLANG_WARN_DEPRECATED_OBJC_IMPLEMENTATIONS = YES;
				CLANG_WARN_DIRECT_OBJC_ISA_USAGE = YES_ERROR;
				CLANG_WARN_DOCUMENTATION_COMMENTS = YES;
				CLANG_WARN_EMPTY_BODY = YES;
				CLANG_WARN_ENUM_CONVERSION = YES;
				CLANG_WARN_INFINITE_RECURSION = YES;
				CLANG_WARN_INT_CONVERSION = YES;
				CLANG_WARN_NON_LITERAL_NULL_CONVERSION = YES;
				CLANG_WARN_OBJC_IMPLICIT_RETAIN_SELF = YES;
				CLANG_WARN_OBJC_LITERAL_CONVERSION = YES;
				CLANG_WARN_OBJC_ROOT_CLASS = YES_ERROR;
				CLANG_WARN_RANGE_LOOP_ANALYSIS = YES;
				CLANG_WARN_STRICT_PROTOTYPES = YES;
				CLANG_WARN_SUSPICIOUS_MOVE = YES;
				CLANG_WARN_UNGUARDED_AVAILABILITY = YES_AGGRESSIVE;
				CLANG_WARN_UNREACHABLE_CODE = YES;
				CLANG_WARN__DUPLICATE_METHOD_MATCH = YES;
				CODE_SIGN_IDENTITY = "iPhone Developer";
				COPY_PHASE_STRIP = NO;
				DEBUG_INFORMATION_FORMAT = dwarf;
				ENABLE_STRICT_OBJC_MSGSEND = YES;
				ENABLE_TESTABILITY = YES;
				GCC_C_LANGUAGE_STANDARD = gnu11;
				GCC_DYNAMIC_NO_PIC = NO;
				GCC_NO_COMMON_BLOCKS = YES;
				GCC_OPTIMIZATION_LEVEL = 0;
				GCC_PREPROCESSOR_DEFINITIONS = (
					"DEBUG=1",
					"$(inherited)",
				);
				GCC_WARN_64_TO_32_BIT_CONVERSION = YES;
				GCC_WARN_ABOUT_RETURN_TYPE = YES_ERROR;
				GCC_WARN_UNDECLARED_SELECTOR = YES;
				GCC_WARN_UNINITIALIZED_AUTOS = YES_AGGRESSIVE;
				GCC_WARN_UNUSED_FUNCTION = YES;
				GCC_WARN_UNUSED_VARIABLE = YES;
				IPHONEOS_DEPLOYMENT_TARGET = 12.0;
				MTL_ENABLE_DEBUG_INFO = INCLUDE_SOURCE;
				MTL_FAST_MATH = YES;
				ONLY_ACTIVE_ARCH = YES;
				SDKROOT = iphoneos;
				SWIFT_ACTIVE_COMPILATION_CONDITIONS = DEBUG;
				SWIFT_OPTIMIZATION_LEVEL = "-Onone";
			};
			name = Debug;
		};
		665109F62155F253000687AC /* Release */ = {
			isa = XCBuildConfiguration;
			buildSettings = {
				ALWAYS_SEARCH_USER_PATHS = NO;
				CLANG_ANALYZER_NONNULL = YES;
				CLANG_ANALYZER_NUMBER_OBJECT_CONVERSION = YES_AGGRESSIVE;
				CLANG_CXX_LANGUAGE_STANDARD = "gnu++14";
				CLANG_CXX_LIBRARY = "libc++";
				CLANG_ENABLE_MODULES = YES;
				CLANG_ENABLE_OBJC_ARC = YES;
				CLANG_ENABLE_OBJC_WEAK = YES;
				CLANG_WARN_BLOCK_CAPTURE_AUTORELEASING = YES;
				CLANG_WARN_BOOL_CONVERSION = YES;
				CLANG_WARN_COMMA = YES;
				CLANG_WARN_CONSTANT_CONVERSION = YES;
				CLANG_WARN_DEPRECATED_OBJC_IMPLEMENTATIONS = YES;
				CLANG_WARN_DIRECT_OBJC_ISA_USAGE = YES_ERROR;
				CLANG_WARN_DOCUMENTATION_COMMENTS = YES;
				CLANG_WARN_EMPTY_BODY = YES;
				CLANG_WARN_ENUM_CONVERSION = YES;
				CLANG_WARN_INFINITE_RECURSION = YES;
				CLANG_WARN_INT_CONVERSION = YES;
				CLANG_WARN_NON_LITERAL_NULL_CONVERSION = YES;
				CLANG_WARN_OBJC_IMPLICIT_RETAIN_SELF = YES;
				CLANG_WARN_OBJC_LITERAL_CONVERSION = YES;
				CLANG_WARN_OBJC_ROOT_CLASS = YES_ERROR;
				CLANG_WARN_RANGE_LOOP_ANALYSIS = YES;
				CLANG_WARN_STRICT_PROTOTYPES = YES;
				CLANG_WARN_SUSPICIOUS_MOVE = YES;
				CLANG_WARN_UNGUARDED_AVAILABILITY = YES_AGGRESSIVE;
				CLANG_WARN_UNREACHABLE_CODE = YES;
				CLANG_WARN__DUPLICATE_METHOD_MATCH = YES;
				CODE_SIGN_IDENTITY = "iPhone Developer";
				COPY_PHASE_STRIP = NO;
				DEBUG_INFORMATION_FORMAT = "dwarf-with-dsym";
				ENABLE_NS_ASSERTIONS = NO;
				ENABLE_STRICT_OBJC_MSGSEND = YES;
				GCC_C_LANGUAGE_STANDARD = gnu11;
				GCC_NO_COMMON_BLOCKS = YES;
				GCC_WARN_64_TO_32_BIT_CONVERSION = YES;
				GCC_WARN_ABOUT_RETURN_TYPE = YES_ERROR;
				GCC_WARN_UNDECLARED_SELECTOR = YES;
				GCC_WARN_UNINITIALIZED_AUTOS = YES_AGGRESSIVE;
				GCC_WARN_UNUSED_FUNCTION = YES;
				GCC_WARN_UNUSED_VARIABLE = YES;
				IPHONEOS_DEPLOYMENT_TARGET = 12.0;
				MTL_ENABLE_DEBUG_INFO = NO;
				MTL_FAST_MATH = YES;
				SDKROOT = iphoneos;
				SWIFT_COMPILATION_MODE = wholemodule;
				SWIFT_OPTIMIZATION_LEVEL = "-O";
				VALIDATE_PRODUCT = YES;
			};
			name = Release;
		};
		665109F82155F253000687AC /* Debug */ = {
			isa = XCBuildConfiguration;
			buildSettings = {
				ASSETCATALOG_COMPILER_APPICON_NAME = AppIcon;
				CODE_SIGN_STYLE = Automatic;
				DEVELOPMENT_TEAM = V38K88SBB6;
				INFOPLIST_FILE = TSLoan/Info.plist;
				LD_RUNPATH_SEARCH_PATHS = (
					"$(inherited)",
					"@executable_path/Frameworks",
				);
				PRODUCT_BUNDLE_IDENTIFIER = com.phatchiem.TSLoan;
				PRODUCT_NAME = "$(TARGET_NAME)";
				SWIFT_VERSION = 4.2;
				TARGETED_DEVICE_FAMILY = "1,2";
			};
			name = Debug;
		};
		665109F92155F253000687AC /* Release */ = {
			isa = XCBuildConfiguration;
			buildSettings = {
				ASSETCATALOG_COMPILER_APPICON_NAME = AppIcon;
				CODE_SIGN_STYLE = Automatic;
				DEVELOPMENT_TEAM = V38K88SBB6;
				INFOPLIST_FILE = TSLoan/Info.plist;
				LD_RUNPATH_SEARCH_PATHS = (
					"$(inherited)",
					"@executable_path/Frameworks",
				);
				PRODUCT_BUNDLE_IDENTIFIER = com.phatchiem.TSLoan;
				PRODUCT_NAME = "$(TARGET_NAME)";
				SWIFT_VERSION = 4.2;
				TARGETED_DEVICE_FAMILY = "1,2";
			};
			name = Release;
		};
		665109FB2155F253000687AC /* Debug */ = {
			isa = XCBuildConfiguration;
			buildSettings = {
				ALWAYS_EMBED_SWIFT_STANDARD_LIBRARIES = YES;
				BUNDLE_LOADER = "$(TEST_HOST)";
				CODE_SIGN_STYLE = Automatic;
				DEVELOPMENT_TEAM = V38K88SBB6;
				INFOPLIST_FILE = TSLoanTests/Info.plist;
				LD_RUNPATH_SEARCH_PATHS = (
					"$(inherited)",
					"@executable_path/Frameworks",
					"@loader_path/Frameworks",
				);
				PRODUCT_BUNDLE_IDENTIFIER = com.phatchiem.TSLoanTests;
				PRODUCT_NAME = "$(TARGET_NAME)";
				SWIFT_VERSION = 4.2;
				TARGETED_DEVICE_FAMILY = "1,2";
				TEST_HOST = "$(BUILT_PRODUCTS_DIR)/TSLoan.app/TSLoan";
			};
			name = Debug;
		};
		665109FC2155F253000687AC /* Release */ = {
			isa = XCBuildConfiguration;
			buildSettings = {
				ALWAYS_EMBED_SWIFT_STANDARD_LIBRARIES = YES;
				BUNDLE_LOADER = "$(TEST_HOST)";
				CODE_SIGN_STYLE = Automatic;
				DEVELOPMENT_TEAM = V38K88SBB6;
				INFOPLIST_FILE = TSLoanTests/Info.plist;
				LD_RUNPATH_SEARCH_PATHS = (
					"$(inherited)",
					"@executable_path/Frameworks",
					"@loader_path/Frameworks",
				);
				PRODUCT_BUNDLE_IDENTIFIER = com.phatchiem.TSLoanTests;
				PRODUCT_NAME = "$(TARGET_NAME)";
				SWIFT_VERSION = 4.2;
				TARGETED_DEVICE_FAMILY = "1,2";
				TEST_HOST = "$(BUILT_PRODUCTS_DIR)/TSLoan.app/TSLoan";
			};
			name = Release;
		};
		665109FE2155F253000687AC /* Debug */ = {
			isa = XCBuildConfiguration;
			buildSettings = {
				ALWAYS_EMBED_SWIFT_STANDARD_LIBRARIES = YES;
				CODE_SIGN_STYLE = Automatic;
				DEVELOPMENT_TEAM = V38K88SBB6;
				INFOPLIST_FILE = TSLoanUITests/Info.plist;
				LD_RUNPATH_SEARCH_PATHS = (
					"$(inherited)",
					"@executable_path/Frameworks",
					"@loader_path/Frameworks",
				);
				PRODUCT_BUNDLE_IDENTIFIER = com.phatchiem.TSLoanUITests;
				PRODUCT_NAME = "$(TARGET_NAME)";
				SWIFT_VERSION = 4.2;
				TARGETED_DEVICE_FAMILY = "1,2";
				TEST_TARGET_NAME = TSLoan;
			};
			name = Debug;
		};
		665109FF2155F253000687AC /* Release */ = {
			isa = XCBuildConfiguration;
			buildSettings = {
				ALWAYS_EMBED_SWIFT_STANDARD_LIBRARIES = YES;
				CODE_SIGN_STYLE = Automatic;
				DEVELOPMENT_TEAM = V38K88SBB6;
				INFOPLIST_FILE = TSLoanUITests/Info.plist;
				LD_RUNPATH_SEARCH_PATHS = (
					"$(inherited)",
					"@executable_path/Frameworks",
					"@loader_path/Frameworks",
				);
				PRODUCT_BUNDLE_IDENTIFIER = com.phatchiem.TSLoanUITests;
				PRODUCT_NAME = "$(TARGET_NAME)";
				SWIFT_VERSION = 4.2;
				TARGETED_DEVICE_FAMILY = "1,2";
				TEST_TARGET_NAME = TSLoan;
			};
			name = Release;
		};
/* End XCBuildConfiguration section */

/* Begin XCConfigurationList section */
		665109CA2155F252000687AC /* Build configuration list for PBXProject "TSLoan" */ = {
			isa = XCConfigurationList;
			buildConfigurations = (
				665109F52155F253000687AC /* Debug */,
				665109F62155F253000687AC /* Release */,
			);
			defaultConfigurationIsVisible = 0;
			defaultConfigurationName = Release;
		};
		665109F72155F253000687AC /* Build configuration list for PBXNativeTarget "TSLoan" */ = {
			isa = XCConfigurationList;
			buildConfigurations = (
				665109F82155F253000687AC /* Debug */,
				665109F92155F253000687AC /* Release */,
			);
			defaultConfigurationIsVisible = 0;
			defaultConfigurationName = Release;
		};
		665109FA2155F253000687AC /* Build configuration list for PBXNativeTarget "TSLoanTests" */ = {
			isa = XCConfigurationList;
			buildConfigurations = (
				665109FB2155F253000687AC /* Debug */,
				665109FC2155F253000687AC /* Release */,
			);
			defaultConfigurationIsVisible = 0;
			defaultConfigurationName = Release;
		};
		665109FD2155F253000687AC /* Build configuration list for PBXNativeTarget "TSLoanUITests" */ = {
			isa = XCConfigurationList;
			buildConfigurations = (
				665109FE2155F253000687AC /* Debug */,
				665109FF2155F253000687AC /* Release */,
			);
			defaultConfigurationIsVisible = 0;
			defaultConfigurationName = Release;
		};
/* End XCConfigurationList section */
	};
	rootObject = 665109C72155F252000687AC /* Project object */;
}
